
Microsoft Visual Studio Solution File, Format Version 12.00
# Visual Studio Version 17
VisualStudioVersion = 17.14.36603.0
MinimumVisualStudioVersion = 10.0.40219.1
Project("{FAE04EC0-301F-11D3-BF4B-00C04F79EFBC}") = "ConsoleAppTesting", "ConsoleApp1\ConsoleAppTesting.csproj", "{5CEF5B66-6082-434F-99AB-A033A54A2E6E}"
EndProject
Project("{FAE04EC0-301F-11D3-BF4B-00C04F79EFBC}") = "core", "core\core.csproj", "{CF044A7A-289D-4DB4-B56A-88D4A339D552}"
EndProject
Global
	GlobalSection(SolutionConfigurationPlatforms) = preSolution
		Debug|Any CPU = Debug|Any CPU
		Release|Any CPU = Release|Any CPU
	EndGlobalSection
	GlobalSection(ProjectConfigurationPlatforms) = postSolution
		{5CEF5B66-6082-434F-99AB-A033A54A2E6E}.Debug|Any CPU.ActiveCfg = Debug|Any CPU
		{5CEF5B66-6082-434F-99AB-A033A54A2E6E}.Debug|Any CPU.Build.0 = Debug|Any CPU
		{5CEF5B66-6082-434F-99AB-A033A54A2E6E}.Release|Any CPU.ActiveCfg = Release|Any CPU
		{5CEF5B66-6082-434F-99AB-A033A54A2E6E}.Release|Any CPU.Build.0 = Release|Any CPU
		{CF044A7A-289D-4DB4-B56A-88D4A339D552}.Debug|Any CPU.ActiveCfg = Debug|Any CPU
		{CF044A7A-289D-4DB4-B56A-88D4A339D552}.Debug|Any CPU.Build.0 = Debug|Any CPU
		{CF044A7A-289D-4DB4-B56A-88D4A339D552}.Release|Any CPU.ActiveCfg = Release|Any CPU
		{CF044A7A-289D-4DB4-B56A-88D4A339D552}.Release|Any CPU.Build.0 = Release|Any CPU
	EndGlobalSection
	GlobalSection(SolutionProperties) = preSolution
		HideSolutionNode = FALSE
	EndGlobalSection
	GlobalSection(ExtensibilityGlobals) = postSolution
		SolutionGuid = {127ECFC0-AE9E-494B-973A-4F927CD15065}
	EndGlobalSection
EndGlobal
